
Microsoft Visual Studio Solution File, Format Version 12.00
# Visual Studio Version 17
VisualStudioVersion = 17.7.34031.279
MinimumVisualStudioVersion = 10.0.40219.1
Project("{FAE04EC0-301F-11D3-BF4B-00C04F79EFBC}") = "RainCloud", "RainCloud\RainCloud.csproj", "{27E78836-5FA5-4D12-9F26-7FB2782469C3}"
EndProject
Global
	GlobalSection(SolutionConfigurationPlatforms) = preSolution
		Debug|Any CPU = Debug|Any CPU
		Release|Any CPU = Release|Any CPU
	EndGlobalSection
	GlobalSection(ProjectConfigurationPlatforms) = postSolution
		{27E78836-5FA5-4D12-9F26-7FB2782469C3}.Debug|Any CPU.ActiveCfg = Debug|Any CPU
		{27E78836-5FA5-4D12-9F26-7FB2782469C3}.Debug|Any CPU.Build.0 = Debug|Any CPU
		{27E78836-5FA5-4D12-9F26-7FB2782469C3}.Release|Any CPU.ActiveCfg = Release|Any CPU
		{27E78836-5FA5-4D12-9F26-7FB2782469C3}.Release|Any CPU.Build.0 = Release|Any CPU
	EndGlobalSection
	GlobalSection(SolutionProperties) = preSolution
		HideSolutionNode = FALSE
	EndGlobalSection
	GlobalSection(ExtensibilityGlobals) = postSolution
		SolutionGuid = {2156B92A-13B5-4B58-A3F5-D644C5B4131E}
	EndGlobalSection
EndGlobal
